
Microsoft Visual Studio Solution File, Format Version 12.00
# Visual Studio Version 17
VisualStudioVersion = 17.0.32014.148
MinimumVisualStudioVersion = 10.0.40219.1
Project("{FAE04EC0-301F-11D3-BF4B-00C04F79EFBC}") = "SuperHero", "SuperHero\SuperHero.csproj", "{34C55418-E84A-4557-A730-C76FDF5FFBAF}"
EndProject
Global
	GlobalSection(SolutionConfigurationPlatforms) = preSolution
		Debug|Any CPU = Debug|Any CPU
		Release|Any CPU = Release|Any CPU
	EndGlobalSection
	GlobalSection(ProjectConfigurationPlatforms) = postSolution
		{34C55418-E84A-4557-A730-C76FDF5FFBAF}.Debug|Any CPU.ActiveCfg = Debug|Any CPU
		{34C55418-E84A-4557-A730-C76FDF5FFBAF}.Debug|Any CPU.Build.0 = Debug|Any CPU
		{34C55418-E84A-4557-A730-C76FDF5FFBAF}.Release|Any CPU.ActiveCfg = Release|Any CPU
		{34C55418-E84A-4557-A730-C76FDF5FFBAF}.Release|Any CPU.Build.0 = Release|Any CPU
	EndGlobalSection
	GlobalSection(SolutionProperties) = preSolution
		HideSolutionNode = FALSE
	EndGlobalSection
	GlobalSection(ExtensibilityGlobals) = postSolution
		SolutionGuid = {64FCF79D-2470-4DC9-9CBE-2EFADFA03F2B}
	EndGlobalSection
EndGlobal
